{
  "name": "@react-hook-observability/hooks",
  "version": "0.1.17",
  "lockfileVersion": 2,
  "requires": true,
  "packages": {
    "": {
      "name": "@react-hook-observability/hooks",
      "version": "0.1.17",
      "license": "MIT",
      "devDependencies": {},
      "engines": {
        "node": ">=18.0.0"
      }
    }
  }
}
